
Microsoft Visual Studio Solution File, Format Version 11.00
# Visual Studio 2010
Project("{FAE04EC0-301F-11D3-BF4B-00C04F79EFBC}") = "Boxophobic.Utils.Editor", "Boxophobic.Utils.Editor.csproj", "{d9f8f259-8112-1213-c604-69e4f41b93ed}"
EndProject
Project("{FAE04EC0-301F-11D3-BF4B-00C04F79EFBC}") = "Assembly-CSharp", "Assembly-CSharp.csproj", "{0c9f8da9-cf79-65e7-3e7d-5f34db538c34}"
EndProject
Project("{FAE04EC0-301F-11D3-BF4B-00C04F79EFBC}") = "Boxophobic.Utils.Scripts", "Boxophobic.Utils.Scripts.csproj", "{8b29dab8-81b9-fa98-6d85-68a9e01c723d}"
EndProject
Project("{FAE04EC0-301F-11D3-BF4B-00C04F79EFBC}") = "Boxophobic.SkyboxCubemapExtended.Editor", "Boxophobic.SkyboxCubemapExtended.Editor.csproj", "{64fd70e3-d6b6-af1c-21c1-8fe7381600df}"
EndProject
Project("{FAE04EC0-301F-11D3-BF4B-00C04F79EFBC}") = "Assembly-CSharp-Editor", "Assembly-CSharp-Editor.csproj", "{75108b99-8dff-23ca-2b1d-30237f5410b5}"
EndProject
Global
	GlobalSection(SolutionConfigurationPlatforms) = preSolution
		Debug|Any CPU = Debug|Any CPU
	EndGlobalSection
	GlobalSection(ProjectConfigurationPlatforms) = postSolution
		{d9f8f259-8112-1213-c604-69e4f41b93ed}.Debug|Any CPU.ActiveCfg = Debug|Any CPU
		{d9f8f259-8112-1213-c604-69e4f41b93ed}.Debug|Any CPU.Build.0 = Debug|Any CPU
		{0c9f8da9-cf79-65e7-3e7d-5f34db538c34}.Debug|Any CPU.ActiveCfg = Debug|Any CPU
		{0c9f8da9-cf79-65e7-3e7d-5f34db538c34}.Debug|Any CPU.Build.0 = Debug|Any CPU
		{8b29dab8-81b9-fa98-6d85-68a9e01c723d}.Debug|Any CPU.ActiveCfg = Debug|Any CPU
		{8b29dab8-81b9-fa98-6d85-68a9e01c723d}.Debug|Any CPU.Build.0 = Debug|Any CPU
		{64fd70e3-d6b6-af1c-21c1-8fe7381600df}.Debug|Any CPU.ActiveCfg = Debug|Any CPU
		{64fd70e3-d6b6-af1c-21c1-8fe7381600df}.Debug|Any CPU.Build.0 = Debug|Any CPU
		{75108b99-8dff-23ca-2b1d-30237f5410b5}.Debug|Any CPU.ActiveCfg = Debug|Any CPU
		{75108b99-8dff-23ca-2b1d-30237f5410b5}.Debug|Any CPU.Build.0 = Debug|Any CPU
	EndGlobalSection
	GlobalSection(SolutionProperties) = preSolution
		HideSolutionNode = FALSE
	EndGlobalSection
EndGlobal
